
Microsoft Visual Studio Solution File, Format Version 12.00
# Visual Studio Version 17
VisualStudioVersion = 17.14.36616.10 d17.14
MinimumVisualStudioVersion = 10.0.40219.1
Project("{E24C65DC-7377-472B-9ABA-BC803B73C61A}") = "NoamRahamimwebsite", "NoamRahamimwebsite\", "{305C5721-39B6-3B82-0B69-3145808C4E40}"
	ProjectSection(WebsiteProperties) = preProject
		TargetFrameworkMoniker = ".NETFramework,Version%3Dv4.7.2"
		Debug.AspNetCompiler.VirtualPath = "/localhost_61634"
		Debug.AspNetCompiler.PhysicalPath = "NoamRahamimwebsite\"
		Debug.AspNetCompiler.TargetPath = "PrecompiledWeb\localhost_61634\"
		Debug.AspNetCompiler.Updateable = "true"
		Debug.AspNetCompiler.ForceOverwrite = "true"
		Debug.AspNetCompiler.FixedNames = "false"
		Debug.AspNetCompiler.Debug = "True"
		Release.AspNetCompiler.VirtualPath = "/localhost_61634"
		Release.AspNetCompiler.PhysicalPath = "NoamRahamimwebsite\"
		Release.AspNetCompiler.TargetPath = "PrecompiledWeb\localhost_61634\"
		Release.AspNetCompiler.Updateable = "true"
		Release.AspNetCompiler.ForceOverwrite = "true"
		Release.AspNetCompiler.FixedNames = "false"
		Release.AspNetCompiler.Debug = "False"
		VWDPort = "61634"
		SlnRelativePath = "NoamRahamimwebsite\"
		DefaultWebSiteLanguage = "Visual C#"
	EndProjectSection
EndProject
Global
	GlobalSection(SolutionConfigurationPlatforms) = preSolution
		Debug|Any CPU = Debug|Any CPU
	EndGlobalSection
	GlobalSection(ProjectConfigurationPlatforms) = postSolution
		{305C5721-39B6-3B82-0B69-3145808C4E40}.Debug|Any CPU.ActiveCfg = Debug|Any CPU
		{305C5721-39B6-3B82-0B69-3145808C4E40}.Debug|Any CPU.Build.0 = Debug|Any CPU
	EndGlobalSection
	GlobalSection(SolutionProperties) = preSolution
		HideSolutionNode = FALSE
	EndGlobalSection
	GlobalSection(ExtensibilityGlobals) = postSolution
		SolutionGuid = {917AD4FF-2C23-4E5E-87E5-F6292D1D7B5E}
	EndGlobalSection
EndGlobal
